
Microsoft Visual Studio Solution File, Format Version 12.00
# Visual Studio Version 16
VisualStudioVersion = 16.0.30114.105
MinimumVisualStudioVersion = 10.0.40219.1
Project("{FAE04EC0-301F-11D3-BF4B-00C04F79EFBC}") = "API", "API\API.csproj", "{34A7FE28-5FA8-437A-AB24-113991E097D0}"
EndProject
Project("{FAE04EC0-301F-11D3-BF4B-00C04F79EFBC}") = "Application", "Application\Application.csproj", "{03878195-932E-440C-8E13-E7AE2014981A}"
EndProject
Project("{FAE04EC0-301F-11D3-BF4B-00C04F79EFBC}") = "Domain", "Domain\Domain.csproj", "{9507AE0E-E340-489B-93E3-B897DCC4B6E0}"
EndProject
Project("{FAE04EC0-301F-11D3-BF4B-00C04F79EFBC}") = "Persistence", "Persistence\Persistence.csproj", "{5A9E9BB8-D410-4FF3-B9D8-2D8B330F46E1}"
EndProject
Global
	GlobalSection(SolutionConfigurationPlatforms) = preSolution
		Debug|Any CPU = Debug|Any CPU
		Release|Any CPU = Release|Any CPU
	EndGlobalSection
	GlobalSection(SolutionProperties) = preSolution
		HideSolutionNode = FALSE
	EndGlobalSection
	GlobalSection(ProjectConfigurationPlatforms) = postSolution
		{34A7FE28-5FA8-437A-AB24-113991E097D0}.Debug|Any CPU.ActiveCfg = Debug|Any CPU
		{34A7FE28-5FA8-437A-AB24-113991E097D0}.Debug|Any CPU.Build.0 = Debug|Any CPU
		{34A7FE28-5FA8-437A-AB24-113991E097D0}.Release|Any CPU.ActiveCfg = Release|Any CPU
		{34A7FE28-5FA8-437A-AB24-113991E097D0}.Release|Any CPU.Build.0 = Release|Any CPU
		{03878195-932E-440C-8E13-E7AE2014981A}.Debug|Any CPU.ActiveCfg = Debug|Any CPU
		{03878195-932E-440C-8E13-E7AE2014981A}.Debug|Any CPU.Build.0 = Debug|Any CPU
		{03878195-932E-440C-8E13-E7AE2014981A}.Release|Any CPU.ActiveCfg = Release|Any CPU
		{03878195-932E-440C-8E13-E7AE2014981A}.Release|Any CPU.Build.0 = Release|Any CPU
		{9507AE0E-E340-489B-93E3-B897DCC4B6E0}.Debug|Any CPU.ActiveCfg = Debug|Any CPU
		{9507AE0E-E340-489B-93E3-B897DCC4B6E0}.Debug|Any CPU.Build.0 = Debug|Any CPU
		{9507AE0E-E340-489B-93E3-B897DCC4B6E0}.Release|Any CPU.ActiveCfg = Release|Any CPU
		{9507AE0E-E340-489B-93E3-B897DCC4B6E0}.Release|Any CPU.Build.0 = Release|Any CPU
		{5A9E9BB8-D410-4FF3-B9D8-2D8B330F46E1}.Debug|Any CPU.ActiveCfg = Debug|Any CPU
		{5A9E9BB8-D410-4FF3-B9D8-2D8B330F46E1}.Debug|Any CPU.Build.0 = Debug|Any CPU
		{5A9E9BB8-D410-4FF3-B9D8-2D8B330F46E1}.Release|Any CPU.ActiveCfg = Release|Any CPU
		{5A9E9BB8-D410-4FF3-B9D8-2D8B330F46E1}.Release|Any CPU.Build.0 = Release|Any CPU
	EndGlobalSection
EndGlobal
